
Microsoft Visual Studio Solution File, Format Version 12.00
# Visual Studio Version 16
VisualStudioVersion = 16.0.29102.190
MinimumVisualStudioVersion = 10.0.40219.1
Project("{9A19103F-16F7-4668-BE54-9A1E7A4F7556}") = "WebApplication1", "WebApplication1\WebApplication1.csproj", "{C393FEBB-03CA-4978-A70A-C753CC64D687}"
EndProject
Global
	GlobalSection(SolutionConfigurationPlatforms) = preSolution
		Debug|Any CPU = Debug|Any CPU
		Release|Any CPU = Release|Any CPU
	EndGlobalSection
	GlobalSection(ProjectConfigurationPlatforms) = postSolution
		{C393FEBB-03CA-4978-A70A-C753CC64D687}.Debug|Any CPU.ActiveCfg = Debug|Any CPU
		{C393FEBB-03CA-4978-A70A-C753CC64D687}.Debug|Any CPU.Build.0 = Debug|Any CPU
		{C393FEBB-03CA-4978-A70A-C753CC64D687}.Release|Any CPU.ActiveCfg = Release|Any CPU
		{C393FEBB-03CA-4978-A70A-C753CC64D687}.Release|Any CPU.Build.0 = Release|Any CPU
	EndGlobalSection
	GlobalSection(SolutionProperties) = preSolution
		HideSolutionNode = FALSE
	EndGlobalSection
	GlobalSection(ExtensibilityGlobals) = postSolution
		SolutionGuid = {6159E527-29BF-486B-82E7-068FC019D3F8}
	EndGlobalSection
EndGlobal
